
Microsoft Visual Studio Solution File, Format Version 12.00
# Visual Studio 15
VisualStudioVersion = 15.0.28307.438
MinimumVisualStudioVersion = 10.0.40219.1
Project("{FAE04EC0-301F-11D3-BF4B-00C04F79EFBC}") = "UPSRatingAPI", "UPSRatingAPI\UPSRatingAPI.csproj", "{A04FCBC3-06BE-4B7F-B1C0-6DCB7F238165}"
EndProject
Global
	GlobalSection(SolutionConfigurationPlatforms) = preSolution
		Debug|Any CPU = Debug|Any CPU
		Release|Any CPU = Release|Any CPU
	EndGlobalSection
	GlobalSection(ProjectConfigurationPlatforms) = postSolution
		{A04FCBC3-06BE-4B7F-B1C0-6DCB7F238165}.Debug|Any CPU.ActiveCfg = Debug|Any CPU
		{A04FCBC3-06BE-4B7F-B1C0-6DCB7F238165}.Debug|Any CPU.Build.0 = Debug|Any CPU
		{A04FCBC3-06BE-4B7F-B1C0-6DCB7F238165}.Release|Any CPU.ActiveCfg = Release|Any CPU
		{A04FCBC3-06BE-4B7F-B1C0-6DCB7F238165}.Release|Any CPU.Build.0 = Release|Any CPU
	EndGlobalSection
	GlobalSection(SolutionProperties) = preSolution
		HideSolutionNode = FALSE
	EndGlobalSection
	GlobalSection(ExtensibilityGlobals) = postSolution
		SolutionGuid = {33D4C943-F04F-4292-B4BA-C70089BEAE13}
	EndGlobalSection
EndGlobal
